
Microsoft Visual Studio Solution File, Format Version 12.00
# Visual Studio Version 16
VisualStudioVersion = 16.0.30114.105
MinimumVisualStudioVersion = 10.0.40219.1
Project("{9A19103F-16F7-4668-BE54-9A1E7A4F7556}") = "Basics", "Basics\Basics.csproj", "{19426155-D2AD-440D-A5A7-A9189921980F}"
EndProject
Project("{9A19103F-16F7-4668-BE54-9A1E7A4F7556}") = "IdentityExample", "IdentityExample\IdentityExample.csproj", "{B290755B-7125-44C5-B593-4BB90FD541B2}"
EndProject
Project("{2150E333-8FDC-42A3-9474-1A3956D46DE8}") = "IdentityService", "IdentityService", "{414DFCEB-8017-4E7E-9C2A-A7E7860BC233}"
EndProject
Project("{2150E333-8FDC-42A3-9474-1A3956D46DE8}") = "basic", "basic", "{0C300A7C-5DDA-4328-9432-7A6D5456F0DF}"
EndProject
Project("{2150E333-8FDC-42A3-9474-1A3956D46DE8}") = "oauth", "oauth", "{6133EEB3-FC3A-46FD-9C51-136189A39C87}"
EndProject
Project("{9A19103F-16F7-4668-BE54-9A1E7A4F7556}") = "Server", "src\oauth\Server\Server.csproj", "{FC8C3EB8-C127-4A5C-BC94-224975312C62}"
EndProject
Project("{9A19103F-16F7-4668-BE54-9A1E7A4F7556}") = "Client", "oauth\Client\Client.csproj", "{085A5AB5-2197-47E4-A4E9-D761F21B5C07}"
EndProject
Global
	GlobalSection(SolutionConfigurationPlatforms) = preSolution
		Debug|Any CPU = Debug|Any CPU
		Release|Any CPU = Release|Any CPU
	EndGlobalSection
	GlobalSection(ProjectConfigurationPlatforms) = postSolution
		{19426155-D2AD-440D-A5A7-A9189921980F}.Debug|Any CPU.ActiveCfg = Debug|Any CPU
		{19426155-D2AD-440D-A5A7-A9189921980F}.Debug|Any CPU.Build.0 = Debug|Any CPU
		{19426155-D2AD-440D-A5A7-A9189921980F}.Release|Any CPU.ActiveCfg = Release|Any CPU
		{19426155-D2AD-440D-A5A7-A9189921980F}.Release|Any CPU.Build.0 = Release|Any CPU
		{B290755B-7125-44C5-B593-4BB90FD541B2}.Debug|Any CPU.ActiveCfg = Debug|Any CPU
		{B290755B-7125-44C5-B593-4BB90FD541B2}.Debug|Any CPU.Build.0 = Debug|Any CPU
		{B290755B-7125-44C5-B593-4BB90FD541B2}.Release|Any CPU.ActiveCfg = Release|Any CPU
		{B290755B-7125-44C5-B593-4BB90FD541B2}.Release|Any CPU.Build.0 = Release|Any CPU
		{FC8C3EB8-C127-4A5C-BC94-224975312C62}.Debug|Any CPU.ActiveCfg = Debug|Any CPU
		{FC8C3EB8-C127-4A5C-BC94-224975312C62}.Debug|Any CPU.Build.0 = Debug|Any CPU
		{FC8C3EB8-C127-4A5C-BC94-224975312C62}.Release|Any CPU.ActiveCfg = Release|Any CPU
		{FC8C3EB8-C127-4A5C-BC94-224975312C62}.Release|Any CPU.Build.0 = Release|Any CPU
		{085A5AB5-2197-47E4-A4E9-D761F21B5C07}.Debug|Any CPU.ActiveCfg = Debug|Any CPU
		{085A5AB5-2197-47E4-A4E9-D761F21B5C07}.Debug|Any CPU.Build.0 = Debug|Any CPU
		{085A5AB5-2197-47E4-A4E9-D761F21B5C07}.Release|Any CPU.ActiveCfg = Release|Any CPU
		{085A5AB5-2197-47E4-A4E9-D761F21B5C07}.Release|Any CPU.Build.0 = Release|Any CPU
	EndGlobalSection
	GlobalSection(SolutionProperties) = preSolution
		HideSolutionNode = FALSE
	EndGlobalSection
	GlobalSection(NestedProjects) = preSolution
		{19426155-D2AD-440D-A5A7-A9189921980F} = {0C300A7C-5DDA-4328-9432-7A6D5456F0DF}
		{B290755B-7125-44C5-B593-4BB90FD541B2} = {0C300A7C-5DDA-4328-9432-7A6D5456F0DF}
		{FC8C3EB8-C127-4A5C-BC94-224975312C62} = {6133EEB3-FC3A-46FD-9C51-136189A39C87}
		{085A5AB5-2197-47E4-A4E9-D761F21B5C07} = {6133EEB3-FC3A-46FD-9C51-136189A39C87}
	EndGlobalSection
	GlobalSection(ExtensibilityGlobals) = postSolution
		SolutionGuid = {C2BDFB6D-9D0E-4683-8BA7-E0A42096521D}
	EndGlobalSection
EndGlobal
