
Microsoft Visual Studio Solution File, Format Version 12.00
# Visual Studio Version 16
VisualStudioVersion = 16.0.30114.105
MinimumVisualStudioVersion = 10.0.40219.1
Project("{2150E333-8FDC-42A3-9474-1A3956D46DE8}") = "src", "src", "{E28BE961-7A13-4722-9594-7EBC877A178D}"
EndProject
Project("{9A19103F-16F7-4668-BE54-9A1E7A4F7556}") = "IdentityService", "src\IdentityService\IdentityService.csproj", "{92D31EC5-04B5-4D5E-93C5-83AB2AE273F0}"
EndProject
Project("{9A19103F-16F7-4668-BE54-9A1E7A4F7556}") = "ApiOne", "src\ApiOne\ApiOne.csproj", "{96F04A98-9F83-49D5-B040-D0FEE6B3E4C5}"
EndProject
Project("{9A19103F-16F7-4668-BE54-9A1E7A4F7556}") = "ApiTwo", "src\ApiTwo\ApiTwo.csproj", "{50A67919-237B-4661-8486-C0373F108810}"
EndProject
Project("{9A19103F-16F7-4668-BE54-9A1E7A4F7556}") = "MvcClient", "src\MvcClient\MvcClient.csproj", "{ECE6FC71-8ADD-464C-85B8-936391F02D24}"
EndProject
Project("{FAE04EC0-301F-11D3-BF4B-00C04F79EFBC}") = "JavascriptClient", "src\JavascriptClient\JavascriptClient.csproj", "{8D7BD478-8E10-4074-A324-691734C70E66}"
EndProject
Global
	GlobalSection(SolutionConfigurationPlatforms) = preSolution
		Debug|Any CPU = Debug|Any CPU
		Release|Any CPU = Release|Any CPU
	EndGlobalSection
	GlobalSection(ProjectConfigurationPlatforms) = postSolution
		{92D31EC5-04B5-4D5E-93C5-83AB2AE273F0}.Debug|Any CPU.ActiveCfg = Debug|Any CPU
		{92D31EC5-04B5-4D5E-93C5-83AB2AE273F0}.Debug|Any CPU.Build.0 = Debug|Any CPU
		{92D31EC5-04B5-4D5E-93C5-83AB2AE273F0}.Release|Any CPU.ActiveCfg = Release|Any CPU
		{92D31EC5-04B5-4D5E-93C5-83AB2AE273F0}.Release|Any CPU.Build.0 = Release|Any CPU
		{96F04A98-9F83-49D5-B040-D0FEE6B3E4C5}.Debug|Any CPU.ActiveCfg = Debug|Any CPU
		{96F04A98-9F83-49D5-B040-D0FEE6B3E4C5}.Debug|Any CPU.Build.0 = Debug|Any CPU
		{96F04A98-9F83-49D5-B040-D0FEE6B3E4C5}.Release|Any CPU.ActiveCfg = Release|Any CPU
		{96F04A98-9F83-49D5-B040-D0FEE6B3E4C5}.Release|Any CPU.Build.0 = Release|Any CPU
		{50A67919-237B-4661-8486-C0373F108810}.Debug|Any CPU.ActiveCfg = Debug|Any CPU
		{50A67919-237B-4661-8486-C0373F108810}.Debug|Any CPU.Build.0 = Debug|Any CPU
		{50A67919-237B-4661-8486-C0373F108810}.Release|Any CPU.ActiveCfg = Release|Any CPU
		{50A67919-237B-4661-8486-C0373F108810}.Release|Any CPU.Build.0 = Release|Any CPU
		{ECE6FC71-8ADD-464C-85B8-936391F02D24}.Debug|Any CPU.ActiveCfg = Debug|Any CPU
		{ECE6FC71-8ADD-464C-85B8-936391F02D24}.Debug|Any CPU.Build.0 = Debug|Any CPU
		{ECE6FC71-8ADD-464C-85B8-936391F02D24}.Release|Any CPU.ActiveCfg = Release|Any CPU
		{ECE6FC71-8ADD-464C-85B8-936391F02D24}.Release|Any CPU.Build.0 = Release|Any CPU
		{8D7BD478-8E10-4074-A324-691734C70E66}.Debug|Any CPU.ActiveCfg = Debug|Any CPU
		{8D7BD478-8E10-4074-A324-691734C70E66}.Debug|Any CPU.Build.0 = Debug|Any CPU
		{8D7BD478-8E10-4074-A324-691734C70E66}.Release|Any CPU.ActiveCfg = Release|Any CPU
		{8D7BD478-8E10-4074-A324-691734C70E66}.Release|Any CPU.Build.0 = Release|Any CPU
	EndGlobalSection
	GlobalSection(SolutionProperties) = preSolution
		HideSolutionNode = FALSE
	EndGlobalSection
	GlobalSection(NestedProjects) = preSolution
		{92D31EC5-04B5-4D5E-93C5-83AB2AE273F0} = {E28BE961-7A13-4722-9594-7EBC877A178D}
		{96F04A98-9F83-49D5-B040-D0FEE6B3E4C5} = {E28BE961-7A13-4722-9594-7EBC877A178D}
		{50A67919-237B-4661-8486-C0373F108810} = {E28BE961-7A13-4722-9594-7EBC877A178D}
		{ECE6FC71-8ADD-464C-85B8-936391F02D24} = {E28BE961-7A13-4722-9594-7EBC877A178D}
		{8D7BD478-8E10-4074-A324-691734C70E66} = {E28BE961-7A13-4722-9594-7EBC877A178D}
	EndGlobalSection
	GlobalSection(ExtensibilityGlobals) = postSolution
		SolutionGuid = {C2BDFB6D-9D0E-4683-8BA7-E0A42096521D}
	EndGlobalSection
EndGlobal
